
Microsoft Visual Studio Solution File, Format Version 12.00
# Visual Studio Version 17
VisualStudioVersion = 17.4.33122.133
MinimumVisualStudioVersion = 10.0.40219.1
Project("{FAE04EC0-301F-11D3-BF4B-00C04F79EFBC}") = "Bizland", "Bizland.csproj", "{C4DE5AC0-C8A5-4AE2-BE50-20236FF25681}"
EndProject
Global
	GlobalSection(SolutionConfigurationPlatforms) = preSolution
		Debug|Any CPU = Debug|Any CPU
		Release|Any CPU = Release|Any CPU
	EndGlobalSection
	GlobalSection(ProjectConfigurationPlatforms) = postSolution
		{C4DE5AC0-C8A5-4AE2-BE50-20236FF25681}.Debug|Any CPU.ActiveCfg = Debug|Any CPU
		{C4DE5AC0-C8A5-4AE2-BE50-20236FF25681}.Debug|Any CPU.Build.0 = Debug|Any CPU
		{C4DE5AC0-C8A5-4AE2-BE50-20236FF25681}.Release|Any CPU.ActiveCfg = Release|Any CPU
		{C4DE5AC0-C8A5-4AE2-BE50-20236FF25681}.Release|Any CPU.Build.0 = Release|Any CPU
	EndGlobalSection
	GlobalSection(SolutionProperties) = preSolution
		HideSolutionNode = FALSE
	EndGlobalSection
	GlobalSection(ExtensibilityGlobals) = postSolution
		SolutionGuid = {43C19199-0474-4FB4-87BC-BEFDAAAF67E8}
	EndGlobalSection
EndGlobal
